
Microsoft Visual Studio Solution File, Format Version 12.00
# Visual Studio Version 17
VisualStudioVersion = 17.8.34309.116
MinimumVisualStudioVersion = 10.0.40219.1
Project("{FAE04EC0-301F-11D3-BF4B-00C04F79EFBC}") = "myParams", "myParams\myParams.csproj", "{654D2D8F-C80B-4F9F-8E0E-EBB4C87F99E4}"
EndProject
Global
	GlobalSection(SolutionConfigurationPlatforms) = preSolution
		Debug|Any CPU = Debug|Any CPU
		Release|Any CPU = Release|Any CPU
	EndGlobalSection
	GlobalSection(ProjectConfigurationPlatforms) = postSolution
		{654D2D8F-C80B-4F9F-8E0E-EBB4C87F99E4}.Debug|Any CPU.ActiveCfg = Debug|Any CPU
		{654D2D8F-C80B-4F9F-8E0E-EBB4C87F99E4}.Debug|Any CPU.Build.0 = Debug|Any CPU
		{654D2D8F-C80B-4F9F-8E0E-EBB4C87F99E4}.Release|Any CPU.ActiveCfg = Release|Any CPU
		{654D2D8F-C80B-4F9F-8E0E-EBB4C87F99E4}.Release|Any CPU.Build.0 = Release|Any CPU
	EndGlobalSection
	GlobalSection(SolutionProperties) = preSolution
		HideSolutionNode = FALSE
	EndGlobalSection
	GlobalSection(ExtensibilityGlobals) = postSolution
		SolutionGuid = {1A1EF688-2247-4881-AD14-C5B49F31A38E}
	EndGlobalSection
EndGlobal
